// !$*UTF8*$!
{
	archiveVersion = 1;
	classes = {
	};
	objectVersion = 50;
	objects = {

/* Begin PBXBuildFile section */
		44BBEF902150611D00C20352 /* AppDelegate.swift in Sources */ = {isa = PBXBuildFile; fileRef = 44BBEF8F2150611D00C20352 /* AppDelegate.swift */; };
		44BBEF922150611D00C20352 /* ViewController.swift in Sources */ = {isa = PBXBuildFile; fileRef = 44BBEF912150611D00C20352 /* ViewController.swift */; };
		44BBEF952150611D00C20352 /* Main.storyboard in Resources */ = {isa = PBXBuildFile; fileRef = 44BBEF932150611D00C20352 /* Main.storyboard */; };
		44BBEF972150612100C20352 /* Assets.xcassets in Resources */ = {isa = PBXBuildFile; fileRef = 44BBEF962150612100C20352 /* Assets.xcassets */; };
		44BBEF9A2150612100C20352 /* LaunchScreen.storyboard in Resources */ = {isa = PBXBuildFile; fileRef = 44BBEF982150612100C20352 /* LaunchScreen.storyboard */; };
		44BBEFA3215061C300C20352 /* StretchyCollectionViewLayout.swift in Sources */ = {isa = PBXBuildFile; fileRef = 44BBEFA1215061C300C20352 /* StretchyCollectionViewLayout.swift */; };
		44BBEFA4215061C300C20352 /* StretchyHeaderView.swift in Sources */ = {isa = PBXBuildFile; fileRef = 44BBEFA2215061C300C20352 /* StretchyHeaderView.swift */; };
/* End PBXBuildFile section */

/* Begin PBXFileReference section */
		44BBEF8C2150611D00C20352 /* StretchyBlurryHeader.app */ = {isa = PBXFileReference; explicitFileType = wrapper.application; includeInIndex = 0; path = StretchyBlurryHeader.app; sourceTree = BUILT_PRODUCTS_DIR; };
		44BBEF8F2150611D00C20352 /* AppDelegate.swift */ = {isa = PBXFileReference; lastKnownFileType = sourcecode.swift; path = AppDelegate.swift; sourceTree = "<group>"; };
		44BBEF912150611D00C20352 /* ViewController.swift */ = {isa = PBXFileReference; lastKnownFileType = sourcecode.swift; path = ViewController.swift; sourceTree = "<group>"; };
		44BBEF942150611D00C20352 /* Base */ = {isa = PBXFileReference; lastKnownFileType = file.storyboard; name = Base; path = Base.lproj/Main.storyboard; sourceTree = "<group>"; };
		44BBEF962150612100C20352 /* Assets.xcassets */ = {isa = PBXFileReference; lastKnownFileType = folder.assetcatalog; path = Assets.xcassets; sourceTree = "<group>"; };
		44BBEF992150612100C20352 /* Base */ = {isa = PBXFileReference; lastKnownFileType = file.storyboard; name = Base; path = Base.lproj/LaunchScreen.storyboard; sourceTree = "<group>"; };
		44BBEF9B2150612100C20352 /* Info.plist */ = {isa = PBXFileReference; lastKnownFileType = text.plist.xml; path = Info.plist; sourceTree = "<group>"; };
		44BBEFA1215061C300C20352 /* StretchyCollectionViewLayout.swift */ = {isa = PBXFileReference; fileEncoding = 4; lastKnownFileType = sourcecode.swift; path = StretchyCollectionViewLayout.swift; sourceTree = "<group>"; };
		44BBEFA2215061C300C20352 /* StretchyHeaderView.swift */ = {isa = PBXFileReference; fileEncoding = 4; lastKnownFileType = sourcecode.swift; path = StretchyHeaderView.swift; sourceTree = "<group>"; };
/* End PBXFileReference section */

/* Begin PBXFrameworksBuildPhase section */
		44BBEF892150611D00C20352 /* Frameworks */ = {
			isa = PBXFrameworksBuildPhase;
			buildActionMask = 2147483647;
			files = (
			);
			runOnlyForDeploymentPostprocessing = 0;
		};
/* End PBXFrameworksBuildPhase section */

/* Begin PBXGroup section */
		44BBEF832150611D00C20352 = {
			isa = PBXGroup;
			children = (
				44BBEF8E2150611D00C20352 /* StretchyBlurryHeader */,
				44BBEF8D2150611D00C20352 /* Products */,
			);
			sourceTree = "<group>";
		};
		44BBEF8D2150611D00C20352 /* Products */ = {
			isa = PBXGroup;
			children = (
				44BBEF8C2150611D00C20352 /* StretchyBlurryHeader.app */,
			);
			name = Products;
			sourceTree = "<group>";
		};
		44BBEF8E2150611D00C20352 /* StretchyBlurryHeader */ = {
			isa = PBXGroup;
			children = (
				44BBEF8F2150611D00C20352 /* AppDelegate.swift */,
				44BBEF912150611D00C20352 /* ViewController.swift */,
				44BBEFA1215061C300C20352 /* StretchyCollectionViewLayout.swift */,
				44BBEFA2215061C300C20352 /* StretchyHeaderView.swift */,
				44BBEF932150611D00C20352 /* Main.storyboard */,
				44BBEF962150612100C20352 /* Assets.xcassets */,
				44BBEF982150612100C20352 /* LaunchScreen.storyboard */,
				44BBEF9B2150612100C20352 /* Info.plist */,
			);
			path = StretchyBlurryHeader;
			sourceTree = "<group>";
		};
/* End PBXGroup section */

/* Begin PBXNativeTarget section */
		44BBEF8B2150611D00C20352 /* StretchyBlurryHeader */ = {
			isa = PBXNativeTarget;
			buildConfigurationList = 44BBEF9E2150612100C20352 /* Build configuration list for PBXNativeTarget "StretchyBlurryHeader" */;
			buildPhases = (
				44BBEF882150611D00C20352 /* Sources */,
				44BBEF892150611D00C20352 /* Frameworks */,
				44BBEF8A2150611D00C20352 /* Resources */,
			);
			buildRules = (
			);
			dependencies = (
			);
			name = StretchyBlurryHeader;
			productName = StretchyBlurryHeader;
			productReference = 44BBEF8C2150611D00C20352 /* StretchyBlurryHeader.app */;
			productType = "com.apple.product-type.application";
		};
/* End PBXNativeTarget section */

/* Begin PBXProject section */
		44BBEF842150611D00C20352 /* Project object */ = {
			isa = PBXProject;
			attributes = {
				LastSwiftUpdateCheck = 0940;
				LastUpgradeCheck = 0940;
				ORGANIZATIONNAME = "Mohamed Shaikhon";
				TargetAttributes = {
					44BBEF8B2150611D00C20352 = {
						CreatedOnToolsVersion = 9.4.1;
					};
				};
			};
			buildConfigurationList = 44BBEF872150611D00C20352 /* Build configuration list for PBXProject "StretchyBlurryHeader" */;
			compatibilityVersion = "Xcode 9.3";
			developmentRegion = en;
			hasScannedForEncodings = 0;
			knownRegions = (
				en,
				Base,
			);
			mainGroup = 44BBEF832150611D00C20352;
			productRefGroup = 44BBEF8D2150611D00C20352 /* Products */;
			projectDirPath = "";
			projectRoot = "";
			targets = (
				44BBEF8B2150611D00C20352 /* StretchyBlurryHeader */,
			);
		};
/* End PBXProject section */

/* Begin PBXResourcesBuildPhase section */
		44BBEF8A2150611D00C20352 /* Resources */ = {
			isa = PBXResourcesBuildPhase;
			buildActionMask = 2147483647;
			files = (
				44BBEF9A2150612100C20352 /* LaunchScreen.storyboard in Resources */,
				44BBEF972150612100C20352 /* Assets.xcassets in Resources */,
				44BBEF952150611D00C20352 /* Main.storyboard in Resources */,
			);
			runOnlyForDeploymentPostprocessing = 0;
		};
/* End PBXResourcesBuildPhase section */

/* Begin PBXSourcesBuildPhase section */
		44BBEF882150611D00C20352 /* Sources */ = {
			isa = PBXSourcesBuildPhase;
			buildActionMask = 2147483647;
			files = (
				44BBEF922150611D00C20352 /* ViewController.swift in Sources */,
				44BBEFA4215061C300C20352 /* StretchyHeaderView.swift in Sources */,
				44BBEFA3215061C300C20352 /* StretchyCollectionViewLayout.swift in Sources */,
				44BBEF902150611D00C20352 /* AppDelegate.swift in Sources */,
			);
			runOnlyForDeploymentPostprocessing = 0;
		};
/* End PBXSourcesBuildPhase section */

/* Begin PBXVariantGroup section */
		44BBEF932150611D00C20352 /* Main.storyboard */ = {
			isa = PBXVariantGroup;
			children = (
				44BBEF942150611D00C20352 /* Base */,
			);
			name = Main.storyboard;
			sourceTree = "<group>";
		};
		44BBEF982150612100C20352 /* LaunchScreen.storyboard */ = {
			isa = PBXVariantGroup;
			children = (
				44BBEF992150612100C20352 /* Base */,
			);
			name = LaunchScreen.storyboard;
			sourceTree = "<group>";
		};
/* End PBXVariantGroup section */

/* Begin XCBuildConfiguration section */
		44BBEF9C2150612100C20352 /* Debug */ = {
			isa = XCBuildConfiguration;
			buildSettings = {
				ALWAYS_SEARCH_USER_PATHS = NO;
				CLANG_ANALYZER_NONNULL = YES;
				CLANG_ANALYZER_NUMBER_OBJECT_CONVERSION = YES_AGGRESSIVE;
				CLANG_CXX_LANGUAGE_STANDARD = "gnu++14";
				CLANG_CXX_LIBRARY = "libc++";
				CLANG_ENABLE_MODULES = YES;
				CLANG_ENABLE_OBJC_ARC = YES;
				CLANG_ENABLE_OBJC_WEAK = YES;
				CLANG_WARN_BLOCK_CAPTURE_AUTORELEASING = YES;
				CLANG_WARN_BOOL_CONVERSION = YES;
				CLANG_WARN_COMMA = YES;
				CLANG_WARN_CONSTANT_CONVERSION = YES;
				CLANG_WARN_DEPRECATED_OBJC_IMPLEMENTATIONS = YES;
				CLANG_WARN_DIRECT_OBJC_ISA_USAGE = YES_ERROR;
				CLANG_WARN_DOCUMENTATION_COMMENTS = YES;
				CLANG_WARN_EMPTY_BODY = YES;
				CLANG_WARN_ENUM_CONVERSION = YES;
				CLANG_WARN_INFINITE_RECURSION = YES;
				CLANG_WARN_INT_CONVERSION = YES;
				CLANG_WARN_NON_LITERAL_NULL_CONVERSION = YES;
				CLANG_WARN_OBJC_IMPLICIT_RETAIN_SELF = YES;
				CLANG_WARN_OBJC_LITERAL_CONVERSION = YES;
				CLANG_WARN_OBJC_ROOT_CLASS = YES_ERROR;
				CLANG_WARN_RANGE_LOOP_ANALYSIS = YES;
				CLANG_WARN_STRICT_PROTOTYPES = YES;
				CLANG_WARN_SUSPICIOUS_MOVE = YES;
				CLANG_WARN_UNGUARDED_AVAILABILITY = YES_AGGRESSIVE;
				CLANG_WARN_UNREACHABLE_CODE = YES;
				CLANG_WARN__DUPLICATE_METHOD_MATCH = YES;
				CODE_SIGN_IDENTITY = "iPhone Developer";
				COPY_PHASE_STRIP = NO;
				DEBUG_INFORMATION_FORMAT = dwarf;
				ENABLE_STRICT_OBJC_MSGSEND = YES;
				ENABLE_TESTABILITY = YES;
				GCC_C_LANGUAGE_STANDARD = gnu11;
				GCC_DYNAMIC_NO_PIC = NO;
				GCC_NO_COMMON_BLOCKS = YES;
				GCC_OPTIMIZATION_LEVEL = 0;
				GCC_PREPROCESSOR_DEFINITIONS = (
					"DEBUG=1",
					"$(inherited)",
				);
				GCC_WARN_64_TO_32_BIT_CONVERSION = YES;
				GCC_WARN_ABOUT_RETURN_TYPE = YES_ERROR;
				GCC_WARN_UNDECLARED_SELECTOR = YES;
				GCC_WARN_UNINITIALIZED_AUTOS = YES_AGGRESSIVE;
				GCC_WARN_UNUSED_FUNCTION = YES;
				GCC_WARN_UNUSED_VARIABLE = YES;
				IPHONEOS_DEPLOYMENT_TARGET = 11.4;
				MTL_ENABLE_DEBUG_INFO = YES;
				ONLY_ACTIVE_ARCH = YES;
				SDKROOT = iphoneos;
				SWIFT_ACTIVE_COMPILATION_CONDITIONS = DEBUG;
				SWIFT_OPTIMIZATION_LEVEL = "-Onone";
			};
			name = Debug;
		};
		44BBEF9D2150612100C20352 /* Release */ = {
			isa = XCBuildConfiguration;
			buildSettings = {
				ALWAYS_SEARCH_USER_PATHS = NO;
				CLANG_ANALYZER_NONNULL = YES;
				CLANG_ANALYZER_NUMBER_OBJECT_CONVERSION = YES_AGGRESSIVE;
				CLANG_CXX_LANGUAGE_STANDARD = "gnu++14";
				CLANG_CXX_LIBRARY = "libc++";
				CLANG_ENABLE_MODULES = YES;
				CLANG_ENABLE_OBJC_ARC = YES;
				CLANG_ENABLE_OBJC_WEAK = YES;
				CLANG_WARN_BLOCK_CAPTURE_AUTORELEASING = YES;
				CLANG_WARN_BOOL_CONVERSION = YES;
				CLANG_WARN_COMMA = YES;
				CLANG_WARN_CONSTANT_CONVERSION = YES;
				CLANG_WARN_DEPRECATED_OBJC_IMPLEMENTATIONS = YES;
				CLANG_WARN_DIRECT_OBJC_ISA_USAGE = YES_ERROR;
				CLANG_WARN_DOCUMENTATION_COMMENTS = YES;
				CLANG_WARN_EMPTY_BODY = YES;
				CLANG_WARN_ENUM_CONVERSION = YES;
				CLANG_WARN_INFINITE_RECURSION = YES;
				CLANG_WARN_INT_CONVERSION = YES;
				CLANG_WARN_NON_LITERAL_NULL_CONVERSION = YES;
				CLANG_WARN_OBJC_IMPLICIT_RETAIN_SELF = YES;
				CLANG_WARN_OBJC_LITERAL_CONVERSION = YES;
				CLANG_WARN_OBJC_ROOT_CLASS = YES_ERROR;
				CLANG_WARN_RANGE_LOOP_ANALYSIS = YES;
				CLANG_WARN_STRICT_PROTOTYPES = YES;
				CLANG_WARN_SUSPICIOUS_MOVE = YES;
				CLANG_WARN_UNGUARDED_AVAILABILITY = YES_AGGRESSIVE;
				CLANG_WARN_UNREACHABLE_CODE = YES;
				CLANG_WARN__DUPLICATE_METHOD_MATCH = YES;
				CODE_SIGN_IDENTITY = "iPhone Developer";
				COPY_PHASE_STRIP = NO;
				DEBUG_INFORMATION_FORMAT = "dwarf-with-dsym";
				ENABLE_NS_ASSERTIONS = NO;
				ENABLE_STRICT_OBJC_MSGSEND = YES;
				GCC_C_LANGUAGE_STANDARD = gnu11;
				GCC_NO_COMMON_BLOCKS = YES;
				GCC_WARN_64_TO_32_BIT_CONVERSION = YES;
				GCC_WARN_ABOUT_RETURN_TYPE = YES_ERROR;
				GCC_WARN_UNDECLARED_SELECTOR = YES;
				GCC_WARN_UNINITIALIZED_AUTOS = YES_AGGRESSIVE;
				GCC_WARN_UNUSED_FUNCTION = YES;
				GCC_WARN_UNUSED_VARIABLE = YES;
				IPHONEOS_DEPLOYMENT_TARGET = 11.4;
				MTL_ENABLE_DEBUG_INFO = NO;
				SDKROOT = iphoneos;
				SWIFT_COMPILATION_MODE = wholemodule;
				SWIFT_OPTIMIZATION_LEVEL = "-O";
				VALIDATE_PRODUCT = YES;
			};
			name = Release;
		};
		44BBEF9F2150612100C20352 /* Debug */ = {
			isa = XCBuildConfiguration;
			buildSettings = {
				ASSETCATALOG_COMPILER_APPICON_NAME = AppIcon;
				CODE_SIGN_STYLE = Automatic;
				INFOPLIST_FILE = StretchyBlurryHeader/Info.plist;
				LD_RUNPATH_SEARCH_PATHS = (
					"$(inherited)",
					"@executable_path/Frameworks",
				);
				PRODUCT_BUNDLE_IDENTIFIER = Shaikhon.StretchyBlurryHeader;
				PRODUCT_NAME = "$(TARGET_NAME)";
				SWIFT_VERSION = 4.0;
				TARGETED_DEVICE_FAMILY = "1,2";
			};
			name = Debug;
		};
		44BBEFA02150612100C20352 /* Release */ = {
			isa = XCBuildConfiguration;
			buildSettings = {
				ASSETCATALOG_COMPILER_APPICON_NAME = AppIcon;
				CODE_SIGN_STYLE = Automatic;
				INFOPLIST_FILE = StretchyBlurryHeader/Info.plist;
				LD_RUNPATH_SEARCH_PATHS = (
					"$(inherited)",
					"@executable_path/Frameworks",
				);
				PRODUCT_BUNDLE_IDENTIFIER = Shaikhon.StretchyBlurryHeader;
				PRODUCT_NAME = "$(TARGET_NAME)";
				SWIFT_VERSION = 4.0;
				TARGETED_DEVICE_FAMILY = "1,2";
			};
			name = Release;
		};
/* End XCBuildConfiguration section */

/* Begin XCConfigurationList section */
		44BBEF872150611D00C20352 /* Build configuration list for PBXProject "StretchyBlurryHeader" */ = {
			isa = XCConfigurationList;
			buildConfigurations = (
				44BBEF9C2150612100C20352 /* Debug */,
				44BBEF9D2150612100C20352 /* Release */,
			);
			defaultConfigurationIsVisible = 0;
			defaultConfigurationName = Release;
		};
		44BBEF9E2150612100C20352 /* Build configuration list for PBXNativeTarget "StretchyBlurryHeader" */ = {
			isa = XCConfigurationList;
			buildConfigurations = (
				44BBEF9F2150612100C20352 /* Debug */,
				44BBEFA02150612100C20352 /* Release */,
			);
			defaultConfigurationIsVisible = 0;
			defaultConfigurationName = Release;
		};
/* End XCConfigurationList section */
	};
	rootObject = 44BBEF842150611D00C20352 /* Project object */;
}
